
Microsoft Visual Studio Solution File, Format Version 12.00
# Visual Studio 15
VisualStudioVersion = 15.0.26228.4
MinimumVisualStudioVersion = 10.0.40219.1
Project("{FAE04EC0-301F-11D3-BF4B-00C04F79EFBC}") = "StudentSystem", "StudentSystem\StudentSystem.csproj", "{E74E63ED-5B44-41E0-AFB7-AD0CBDF730CC}"
EndProject
Project("{FAE04EC0-301F-11D3-BF4B-00C04F79EFBC}") = "StudentSystermRepotstory", "StudentSystermRepotstory\StudentSystermRepotstory.csproj", "{A8DB80BF-D67B-4AAC-A4A3-DFED151354E5}"
EndProject
Project("{FAE04EC0-301F-11D3-BF4B-00C04F79EFBC}") = "Student_Systerm_Yewu", "Student_Systerm_Yewu\Student_Systerm_Yewu.csproj", "{62F4B855-BC56-4E93-9725-E6F8966B76B9}"
EndProject
Global
	GlobalSection(SolutionConfigurationPlatforms) = preSolution
		Debug|Any CPU = Debug|Any CPU
		Release|Any CPU = Release|Any CPU
	EndGlobalSection
	GlobalSection(ProjectConfigurationPlatforms) = postSolution
		{E74E63ED-5B44-41E0-AFB7-AD0CBDF730CC}.Debug|Any CPU.ActiveCfg = Debug|Any CPU
		{E74E63ED-5B44-41E0-AFB7-AD0CBDF730CC}.Debug|Any CPU.Build.0 = Debug|Any CPU
		{E74E63ED-5B44-41E0-AFB7-AD0CBDF730CC}.Release|Any CPU.ActiveCfg = Release|Any CPU
		{E74E63ED-5B44-41E0-AFB7-AD0CBDF730CC}.Release|Any CPU.Build.0 = Release|Any CPU
		{A8DB80BF-D67B-4AAC-A4A3-DFED151354E5}.Debug|Any CPU.ActiveCfg = Debug|Any CPU
		{A8DB80BF-D67B-4AAC-A4A3-DFED151354E5}.Debug|Any CPU.Build.0 = Debug|Any CPU
		{A8DB80BF-D67B-4AAC-A4A3-DFED151354E5}.Release|Any CPU.ActiveCfg = Release|Any CPU
		{A8DB80BF-D67B-4AAC-A4A3-DFED151354E5}.Release|Any CPU.Build.0 = Release|Any CPU
		{62F4B855-BC56-4E93-9725-E6F8966B76B9}.Debug|Any CPU.ActiveCfg = Debug|Any CPU
		{62F4B855-BC56-4E93-9725-E6F8966B76B9}.Debug|Any CPU.Build.0 = Debug|Any CPU
		{62F4B855-BC56-4E93-9725-E6F8966B76B9}.Release|Any CPU.ActiveCfg = Release|Any CPU
		{62F4B855-BC56-4E93-9725-E6F8966B76B9}.Release|Any CPU.Build.0 = Release|Any CPU
	EndGlobalSection
	GlobalSection(SolutionProperties) = preSolution
		HideSolutionNode = FALSE
	EndGlobalSection
EndGlobal
